
Microsoft Visual Studio Solution File, Format Version 12.00
# Visual Studio 15
VisualStudioVersion = 15.0.27703.2035
MinimumVisualStudioVersion = 10.0.40219.1
Project("{FAE04EC0-301F-11D3-BF4B-00C04F79EFBC}") = "SchedulerPrac", "SchedulerPrac\SchedulerPrac.csproj", "{118E1943-318F-4129-95E6-A5E0B2FE5AA3}"
EndProject
Global
	GlobalSection(SolutionConfigurationPlatforms) = preSolution
		Debug|Any CPU = Debug|Any CPU
		Release|Any CPU = Release|Any CPU
	EndGlobalSection
	GlobalSection(ProjectConfigurationPlatforms) = postSolution
		{118E1943-318F-4129-95E6-A5E0B2FE5AA3}.Debug|Any CPU.ActiveCfg = Debug|Any CPU
		{118E1943-318F-4129-95E6-A5E0B2FE5AA3}.Debug|Any CPU.Build.0 = Debug|Any CPU
		{118E1943-318F-4129-95E6-A5E0B2FE5AA3}.Release|Any CPU.ActiveCfg = Release|Any CPU
		{118E1943-318F-4129-95E6-A5E0B2FE5AA3}.Release|Any CPU.Build.0 = Release|Any CPU
	EndGlobalSection
	GlobalSection(SolutionProperties) = preSolution
		HideSolutionNode = FALSE
	EndGlobalSection
	GlobalSection(ExtensibilityGlobals) = postSolution
		SolutionGuid = {110CC173-FF70-4352-A95C-2DB438C70147}
	EndGlobalSection
EndGlobal
