
Microsoft Visual Studio Solution File, Format Version 12.00
# Visual Studio 15
VisualStudioVersion = 15.0.27703.2035
MinimumVisualStudioVersion = 10.0.40219.1
Project("{FAE04EC0-301F-11D3-BF4B-00C04F79EFBC}") = "RedisAsync", "RedisAsync\RedisAsync.csproj", "{F986F260-F031-454D-9A62-13038042FE67}"
EndProject
Global
	GlobalSection(SolutionConfigurationPlatforms) = preSolution
		Debug|Any CPU = Debug|Any CPU
		Release|Any CPU = Release|Any CPU
	EndGlobalSection
	GlobalSection(ProjectConfigurationPlatforms) = postSolution
		{F986F260-F031-454D-9A62-13038042FE67}.Debug|Any CPU.ActiveCfg = Debug|Any CPU
		{F986F260-F031-454D-9A62-13038042FE67}.Debug|Any CPU.Build.0 = Debug|Any CPU
		{F986F260-F031-454D-9A62-13038042FE67}.Release|Any CPU.ActiveCfg = Release|Any CPU
		{F986F260-F031-454D-9A62-13038042FE67}.Release|Any CPU.Build.0 = Release|Any CPU
	EndGlobalSection
	GlobalSection(SolutionProperties) = preSolution
		HideSolutionNode = FALSE
	EndGlobalSection
	GlobalSection(ExtensibilityGlobals) = postSolution
		SolutionGuid = {DDCDF900-BFBB-4C6B-B3BC-73AA1CD76FB3}
	EndGlobalSection
EndGlobal
