
Microsoft Visual Studio Solution File, Format Version 12.00
# Visual Studio 15
VisualStudioVersion = 15.0.27703.2035
MinimumVisualStudioVersion = 10.0.40219.1
Project("{2150E333-8FDC-42A3-9474-1A3956D46DE8}") = "0. Api", "0. Api", "{BCA63B76-DB22-458E-B784-3E61A0099392}"
EndProject
Project("{2150E333-8FDC-42A3-9474-1A3956D46DE8}") = "1. Application", "1. Application", "{F1E03EA5-CFEA-4A0C-B664-16B7BCD95789}"
EndProject
Project("{2150E333-8FDC-42A3-9474-1A3956D46DE8}") = "2. Domain", "2. Domain", "{0C4C0C2B-E6E8-415B-8A05-F214E5F69564}"
EndProject
Project("{2150E333-8FDC-42A3-9474-1A3956D46DE8}") = "3. Infrastructure", "3. Infrastructure", "{C5D0B88B-919F-4707-B765-00FF1F93F8F8}"
EndProject
Project("{2150E333-8FDC-42A3-9474-1A3956D46DE8}") = "4. Common", "4. Common", "{C7E4CAAD-950D-420D-B790-A2BDAE4CB825}"
EndProject
Project("{2150E333-8FDC-42A3-9474-1A3956D46DE8}") = "5. Test", "5. Test", "{8FBA412D-8682-413D-AE82-A3C3A3991B81}"
EndProject
Project("{FAE04EC0-301F-11D3-BF4B-00C04F79EFBC}") = "Vueling.Infrastructure.Repository", "Vueling.Infrastructure.Repository\Vueling.Infrastructure.Repository.csproj", "{853C9A56-46FF-49AF-8AA6-7EB61307EF13}"
EndProject
Project("{FAE04EC0-301F-11D3-BF4B-00C04F79EFBC}") = "Vueling.Infrastructure.Repository.Contracts", "Vueling.Infrastructure.Repository.Contracts\Vueling.Infrastructure.Repository.Contracts.csproj", "{400BCBAE-E5D8-4440-9719-D181AEEA8359}"
EndProject
Project("{FAE04EC0-301F-11D3-BF4B-00C04F79EFBC}") = "Vueling.Domain.Entities", "Vueling.Domain.Entities\Vueling.Domain.Entities.csproj", "{C4748C7A-E7B1-47EA-BCDB-BCD4C1682643}"
EndProject
Project("{FAE04EC0-301F-11D3-BF4B-00C04F79EFBC}") = "Vueling.Application.Services", "Vueling.Application.Services\Vueling.Application.Services.csproj", "{9A93D695-837D-42D1-9CAD-1D9AE8B87E1E}"
EndProject
Project("{FAE04EC0-301F-11D3-BF4B-00C04F79EFBC}") = "Vueling.Application.Services.Contracts", "Vueling.Application.Services.Contracts\Vueling.Application.Services.Contracts.csproj", "{51F49133-0D00-46B2-B36C-262BAF9F1A08}"
EndProject
Project("{FAE04EC0-301F-11D3-BF4B-00C04F79EFBC}") = "Vueling.Application.Dto", "Vueling.Application.Dto\Vueling.Application.Dto.csproj", "{429BE245-849D-438C-AD59-DB6CE0D92830}"
EndProject
Project("{FAE04EC0-301F-11D3-BF4B-00C04F79EFBC}") = "Vueling.Facade.Api", "Vueling.Facade.Api\Vueling.Facade.Api.csproj", "{8BDD563B-C7CF-4BEC-9A78-B2FAA57DAA70}"
EndProject
Project("{FAE04EC0-301F-11D3-BF4B-00C04F79EFBC}") = "Vueling.Common.Layer", "Vueling.Common.Layer\Vueling.Common.Layer.csproj", "{1B65FCA1-61AA-4ECB-A2D2-EFF0175C4310}"
EndProject
Project("{FAE04EC0-301F-11D3-BF4B-00C04F79EFBC}") = "Vueling.Facade.ApiTests", "Vueling.Facade.ApiTests\Vueling.Facade.ApiTests.csproj", "{B93F234A-C118-4B2A-8D5A-213ED75A1761}"
EndProject
Global
	GlobalSection(SolutionConfigurationPlatforms) = preSolution
		Debug|Any CPU = Debug|Any CPU
		Release|Any CPU = Release|Any CPU
	EndGlobalSection
	GlobalSection(ProjectConfigurationPlatforms) = postSolution
		{853C9A56-46FF-49AF-8AA6-7EB61307EF13}.Debug|Any CPU.ActiveCfg = Debug|Any CPU
		{853C9A56-46FF-49AF-8AA6-7EB61307EF13}.Debug|Any CPU.Build.0 = Debug|Any CPU
		{853C9A56-46FF-49AF-8AA6-7EB61307EF13}.Release|Any CPU.ActiveCfg = Release|Any CPU
		{853C9A56-46FF-49AF-8AA6-7EB61307EF13}.Release|Any CPU.Build.0 = Release|Any CPU
		{400BCBAE-E5D8-4440-9719-D181AEEA8359}.Debug|Any CPU.ActiveCfg = Debug|Any CPU
		{400BCBAE-E5D8-4440-9719-D181AEEA8359}.Debug|Any CPU.Build.0 = Debug|Any CPU
		{400BCBAE-E5D8-4440-9719-D181AEEA8359}.Release|Any CPU.ActiveCfg = Release|Any CPU
		{400BCBAE-E5D8-4440-9719-D181AEEA8359}.Release|Any CPU.Build.0 = Release|Any CPU
		{C4748C7A-E7B1-47EA-BCDB-BCD4C1682643}.Debug|Any CPU.ActiveCfg = Debug|Any CPU
		{C4748C7A-E7B1-47EA-BCDB-BCD4C1682643}.Debug|Any CPU.Build.0 = Debug|Any CPU
		{C4748C7A-E7B1-47EA-BCDB-BCD4C1682643}.Release|Any CPU.ActiveCfg = Release|Any CPU
		{C4748C7A-E7B1-47EA-BCDB-BCD4C1682643}.Release|Any CPU.Build.0 = Release|Any CPU
		{9A93D695-837D-42D1-9CAD-1D9AE8B87E1E}.Debug|Any CPU.ActiveCfg = Debug|Any CPU
		{9A93D695-837D-42D1-9CAD-1D9AE8B87E1E}.Debug|Any CPU.Build.0 = Debug|Any CPU
		{9A93D695-837D-42D1-9CAD-1D9AE8B87E1E}.Release|Any CPU.ActiveCfg = Release|Any CPU
		{9A93D695-837D-42D1-9CAD-1D9AE8B87E1E}.Release|Any CPU.Build.0 = Release|Any CPU
		{51F49133-0D00-46B2-B36C-262BAF9F1A08}.Debug|Any CPU.ActiveCfg = Debug|Any CPU
		{51F49133-0D00-46B2-B36C-262BAF9F1A08}.Debug|Any CPU.Build.0 = Debug|Any CPU
		{51F49133-0D00-46B2-B36C-262BAF9F1A08}.Release|Any CPU.ActiveCfg = Release|Any CPU
		{51F49133-0D00-46B2-B36C-262BAF9F1A08}.Release|Any CPU.Build.0 = Release|Any CPU
		{429BE245-849D-438C-AD59-DB6CE0D92830}.Debug|Any CPU.ActiveCfg = Debug|Any CPU
		{429BE245-849D-438C-AD59-DB6CE0D92830}.Debug|Any CPU.Build.0 = Debug|Any CPU
		{429BE245-849D-438C-AD59-DB6CE0D92830}.Release|Any CPU.ActiveCfg = Release|Any CPU
		{429BE245-849D-438C-AD59-DB6CE0D92830}.Release|Any CPU.Build.0 = Release|Any CPU
		{8BDD563B-C7CF-4BEC-9A78-B2FAA57DAA70}.Debug|Any CPU.ActiveCfg = Debug|Any CPU
		{8BDD563B-C7CF-4BEC-9A78-B2FAA57DAA70}.Debug|Any CPU.Build.0 = Debug|Any CPU
		{8BDD563B-C7CF-4BEC-9A78-B2FAA57DAA70}.Release|Any CPU.ActiveCfg = Release|Any CPU
		{8BDD563B-C7CF-4BEC-9A78-B2FAA57DAA70}.Release|Any CPU.Build.0 = Release|Any CPU
		{1B65FCA1-61AA-4ECB-A2D2-EFF0175C4310}.Debug|Any CPU.ActiveCfg = Debug|Any CPU
		{1B65FCA1-61AA-4ECB-A2D2-EFF0175C4310}.Debug|Any CPU.Build.0 = Debug|Any CPU
		{1B65FCA1-61AA-4ECB-A2D2-EFF0175C4310}.Release|Any CPU.ActiveCfg = Release|Any CPU
		{1B65FCA1-61AA-4ECB-A2D2-EFF0175C4310}.Release|Any CPU.Build.0 = Release|Any CPU
		{B93F234A-C118-4B2A-8D5A-213ED75A1761}.Debug|Any CPU.ActiveCfg = Debug|Any CPU
		{B93F234A-C118-4B2A-8D5A-213ED75A1761}.Debug|Any CPU.Build.0 = Debug|Any CPU
		{B93F234A-C118-4B2A-8D5A-213ED75A1761}.Release|Any CPU.ActiveCfg = Release|Any CPU
		{B93F234A-C118-4B2A-8D5A-213ED75A1761}.Release|Any CPU.Build.0 = Release|Any CPU
	EndGlobalSection
	GlobalSection(SolutionProperties) = preSolution
		HideSolutionNode = FALSE
	EndGlobalSection
	GlobalSection(NestedProjects) = preSolution
		{853C9A56-46FF-49AF-8AA6-7EB61307EF13} = {C5D0B88B-919F-4707-B765-00FF1F93F8F8}
		{400BCBAE-E5D8-4440-9719-D181AEEA8359} = {C5D0B88B-919F-4707-B765-00FF1F93F8F8}
		{C4748C7A-E7B1-47EA-BCDB-BCD4C1682643} = {0C4C0C2B-E6E8-415B-8A05-F214E5F69564}
		{9A93D695-837D-42D1-9CAD-1D9AE8B87E1E} = {F1E03EA5-CFEA-4A0C-B664-16B7BCD95789}
		{51F49133-0D00-46B2-B36C-262BAF9F1A08} = {F1E03EA5-CFEA-4A0C-B664-16B7BCD95789}
		{429BE245-849D-438C-AD59-DB6CE0D92830} = {F1E03EA5-CFEA-4A0C-B664-16B7BCD95789}
		{8BDD563B-C7CF-4BEC-9A78-B2FAA57DAA70} = {BCA63B76-DB22-458E-B784-3E61A0099392}
		{1B65FCA1-61AA-4ECB-A2D2-EFF0175C4310} = {C7E4CAAD-950D-420D-B790-A2BDAE4CB825}
	EndGlobalSection
	GlobalSection(ExtensibilityGlobals) = postSolution
		SolutionGuid = {623F709C-08D8-4AC6-982D-49EF24CB8388}
	EndGlobalSection
EndGlobal
