
Microsoft Visual Studio Solution File, Format Version 12.00
# Visual Studio 15
VisualStudioVersion = 15.0.27703.2035
MinimumVisualStudioVersion = 10.0.40219.1
Project("{FAE04EC0-301F-11D3-BF4B-00C04F79EFBC}") = "Facade.Vehiculos", "Facade\Facade.Vehiculos.csproj", "{95A71F19-E356-444E-B74B-9CC4F7918653}"
EndProject
Global
	GlobalSection(SolutionConfigurationPlatforms) = preSolution
		Debug|Any CPU = Debug|Any CPU
		Release|Any CPU = Release|Any CPU
	EndGlobalSection
	GlobalSection(ProjectConfigurationPlatforms) = postSolution
		{95A71F19-E356-444E-B74B-9CC4F7918653}.Debug|Any CPU.ActiveCfg = Debug|Any CPU
		{95A71F19-E356-444E-B74B-9CC4F7918653}.Debug|Any CPU.Build.0 = Debug|Any CPU
		{95A71F19-E356-444E-B74B-9CC4F7918653}.Release|Any CPU.ActiveCfg = Release|Any CPU
		{95A71F19-E356-444E-B74B-9CC4F7918653}.Release|Any CPU.Build.0 = Release|Any CPU
	EndGlobalSection
	GlobalSection(SolutionProperties) = preSolution
		HideSolutionNode = FALSE
	EndGlobalSection
	GlobalSection(ExtensibilityGlobals) = postSolution
		SolutionGuid = {616FDD56-826E-4BFD-A2E5-572A7330A669}
	EndGlobalSection
EndGlobal
