
Microsoft Visual Studio Solution File, Format Version 12.00
# Visual Studio 15
VisualStudioVersion = 15.0.27703.2035
MinimumVisualStudioVersion = 10.0.40219.1
Project("{FAE04EC0-301F-11D3-BF4B-00C04F79EFBC}") = "WinFormAlumno", "WinFormAlumno\WinFormAlumno.csproj", "{B7A92DC9-92A5-4CEF-9C93-7C340D694FD5}"
EndProject
Project("{FAE04EC0-301F-11D3-BF4B-00C04F79EFBC}") = "WinFormAlumno.Integratios.Tests", "WinFormAlumno.Integratios.Tests\WinFormAlumno.Integratios.Tests.csproj", "{6F30DD39-AEC3-47F7-BD43-8584FC9A36B2}"
EndProject
Project("{FAE04EC0-301F-11D3-BF4B-00C04F79EFBC}") = "WinFormAlumno.Unit.Tests", "WinFormAlumno.Unit.Tests\WinFormAlumno.Unit.Tests.csproj", "{EB1179A8-4DD2-4D2F-B373-6E0F931733FA}"
EndProject
Global
	GlobalSection(SolutionConfigurationPlatforms) = preSolution
		Debug|Any CPU = Debug|Any CPU
		Release|Any CPU = Release|Any CPU
	EndGlobalSection
	GlobalSection(ProjectConfigurationPlatforms) = postSolution
		{B7A92DC9-92A5-4CEF-9C93-7C340D694FD5}.Debug|Any CPU.ActiveCfg = Debug|Any CPU
		{B7A92DC9-92A5-4CEF-9C93-7C340D694FD5}.Debug|Any CPU.Build.0 = Debug|Any CPU
		{B7A92DC9-92A5-4CEF-9C93-7C340D694FD5}.Release|Any CPU.ActiveCfg = Release|Any CPU
		{B7A92DC9-92A5-4CEF-9C93-7C340D694FD5}.Release|Any CPU.Build.0 = Release|Any CPU
		{6F30DD39-AEC3-47F7-BD43-8584FC9A36B2}.Debug|Any CPU.ActiveCfg = Debug|Any CPU
		{6F30DD39-AEC3-47F7-BD43-8584FC9A36B2}.Debug|Any CPU.Build.0 = Debug|Any CPU
		{6F30DD39-AEC3-47F7-BD43-8584FC9A36B2}.Release|Any CPU.ActiveCfg = Release|Any CPU
		{6F30DD39-AEC3-47F7-BD43-8584FC9A36B2}.Release|Any CPU.Build.0 = Release|Any CPU
		{EB1179A8-4DD2-4D2F-B373-6E0F931733FA}.Debug|Any CPU.ActiveCfg = Debug|Any CPU
		{EB1179A8-4DD2-4D2F-B373-6E0F931733FA}.Debug|Any CPU.Build.0 = Debug|Any CPU
		{EB1179A8-4DD2-4D2F-B373-6E0F931733FA}.Release|Any CPU.ActiveCfg = Release|Any CPU
		{EB1179A8-4DD2-4D2F-B373-6E0F931733FA}.Release|Any CPU.Build.0 = Release|Any CPU
	EndGlobalSection
	GlobalSection(SolutionProperties) = preSolution
		HideSolutionNode = FALSE
	EndGlobalSection
	GlobalSection(ExtensibilityGlobals) = postSolution
		SolutionGuid = {132CC288-646B-40E4-9DA7-4CBA7E131288}
	EndGlobalSection
EndGlobal
