
Microsoft Visual Studio Solution File, Format Version 12.00
# Visual Studio 15
VisualStudioVersion = 15.0.27703.2035
MinimumVisualStudioVersion = 10.0.40219.1
Project("{2150E333-8FDC-42A3-9474-1A3956D46DE8}") = "0. Api", "0. Api", "{568D26E5-B775-4788-AF5C-947B0E41F536}"
EndProject
Project("{2150E333-8FDC-42A3-9474-1A3956D46DE8}") = "1. Application", "1. Application", "{68A45159-D379-4A6C-A3B0-02F11412879C}"
EndProject
Project("{2150E333-8FDC-42A3-9474-1A3956D46DE8}") = "2 Infrastructure", "2 Infrastructure", "{FF0D8C7B-D4F2-47CE-ACDF-7829548EFB8A}"
EndProject
Project("{2150E333-8FDC-42A3-9474-1A3956D46DE8}") = "3. Common", "3. Common", "{DCA3EFD7-2A2D-4F79-81D9-0528E3C98385}"
EndProject
Project("{2150E333-8FDC-42A3-9474-1A3956D46DE8}") = "4. Tests", "4. Tests", "{6FBFD85D-A2DB-47AA-8DF2-453DE7789B1D}"
EndProject
Project("{FAE04EC0-301F-11D3-BF4B-00C04F79EFBC}") = "VuelingExamen.Infrastructure.Repository", "VuelingExamen.Infrastructure.Repository\VuelingExamen.Infrastructure.Repository.csproj", "{DE1ABC31-50F0-4212-84AB-CD529DD77A4D}"
EndProject
Project("{FAE04EC0-301F-11D3-BF4B-00C04F79EFBC}") = "VuelingExamen.Application.Services", "VuelingExamen.Application.Services\VuelingExamen.Application.Services.csproj", "{15A73D52-F49E-48B9-A71F-0CB65098F5F2}"
EndProject
Project("{FAE04EC0-301F-11D3-BF4B-00C04F79EFBC}") = "VuelingExamen.Api.Facade", "VuelingExamen.Api.Facade\VuelingExamen.Api.Facade.csproj", "{3EF9EBB7-EF71-4448-BAB6-A67BCF1F9A2B}"
EndProject
Project("{FAE04EC0-301F-11D3-BF4B-00C04F79EFBC}") = "VuelingExamen.Api.Facade.Tests", "VuelingExamen.Api.Facade.Tests\VuelingExamen.Api.Facade.Tests.csproj", "{9E025C5A-BEF1-4EA5-A411-1A900F87C2C4}"
EndProject
Project("{FAE04EC0-301F-11D3-BF4B-00C04F79EFBC}") = "VuelingExamen.Application.Services.Contracts", "VuelingExamen.Application.Services.Contracts\VuelingExamen.Application.Services.Contracts.csproj", "{6FCDCD75-2B10-449E-8EF8-13BA75CA8CE9}"
EndProject
Project("{FAE04EC0-301F-11D3-BF4B-00C04F79EFBC}") = "VuelingExamen.Infrastructure.Repository.Contracts", "VuelingExamen.Infrastructure.Repository.Contracts\VuelingExamen.Infrastructure.Repository.Contracts.csproj", "{2DEE3921-BB1A-4187-9CEC-A9FC00F4E413}"
EndProject
Project("{FAE04EC0-301F-11D3-BF4B-00C04F79EFBC}") = "VuelingExamen.Common.Layer", "VuelingExamen.Common.Layer\VuelingExamen.Common.Layer.csproj", "{E62B44F2-3882-4884-A06F-DD8F920EEB31}"
EndProject
Global
	GlobalSection(SolutionConfigurationPlatforms) = preSolution
		Debug|Any CPU = Debug|Any CPU
		Release|Any CPU = Release|Any CPU
	EndGlobalSection
	GlobalSection(ProjectConfigurationPlatforms) = postSolution
		{DE1ABC31-50F0-4212-84AB-CD529DD77A4D}.Debug|Any CPU.ActiveCfg = Debug|Any CPU
		{DE1ABC31-50F0-4212-84AB-CD529DD77A4D}.Debug|Any CPU.Build.0 = Debug|Any CPU
		{DE1ABC31-50F0-4212-84AB-CD529DD77A4D}.Release|Any CPU.ActiveCfg = Release|Any CPU
		{DE1ABC31-50F0-4212-84AB-CD529DD77A4D}.Release|Any CPU.Build.0 = Release|Any CPU
		{15A73D52-F49E-48B9-A71F-0CB65098F5F2}.Debug|Any CPU.ActiveCfg = Debug|Any CPU
		{15A73D52-F49E-48B9-A71F-0CB65098F5F2}.Debug|Any CPU.Build.0 = Debug|Any CPU
		{15A73D52-F49E-48B9-A71F-0CB65098F5F2}.Release|Any CPU.ActiveCfg = Release|Any CPU
		{15A73D52-F49E-48B9-A71F-0CB65098F5F2}.Release|Any CPU.Build.0 = Release|Any CPU
		{3EF9EBB7-EF71-4448-BAB6-A67BCF1F9A2B}.Debug|Any CPU.ActiveCfg = Debug|Any CPU
		{3EF9EBB7-EF71-4448-BAB6-A67BCF1F9A2B}.Debug|Any CPU.Build.0 = Debug|Any CPU
		{3EF9EBB7-EF71-4448-BAB6-A67BCF1F9A2B}.Release|Any CPU.ActiveCfg = Release|Any CPU
		{3EF9EBB7-EF71-4448-BAB6-A67BCF1F9A2B}.Release|Any CPU.Build.0 = Release|Any CPU
		{9E025C5A-BEF1-4EA5-A411-1A900F87C2C4}.Debug|Any CPU.ActiveCfg = Debug|Any CPU
		{9E025C5A-BEF1-4EA5-A411-1A900F87C2C4}.Debug|Any CPU.Build.0 = Debug|Any CPU
		{9E025C5A-BEF1-4EA5-A411-1A900F87C2C4}.Release|Any CPU.ActiveCfg = Release|Any CPU
		{9E025C5A-BEF1-4EA5-A411-1A900F87C2C4}.Release|Any CPU.Build.0 = Release|Any CPU
		{6FCDCD75-2B10-449E-8EF8-13BA75CA8CE9}.Debug|Any CPU.ActiveCfg = Debug|Any CPU
		{6FCDCD75-2B10-449E-8EF8-13BA75CA8CE9}.Debug|Any CPU.Build.0 = Debug|Any CPU
		{6FCDCD75-2B10-449E-8EF8-13BA75CA8CE9}.Release|Any CPU.ActiveCfg = Release|Any CPU
		{6FCDCD75-2B10-449E-8EF8-13BA75CA8CE9}.Release|Any CPU.Build.0 = Release|Any CPU
		{2DEE3921-BB1A-4187-9CEC-A9FC00F4E413}.Debug|Any CPU.ActiveCfg = Debug|Any CPU
		{2DEE3921-BB1A-4187-9CEC-A9FC00F4E413}.Debug|Any CPU.Build.0 = Debug|Any CPU
		{2DEE3921-BB1A-4187-9CEC-A9FC00F4E413}.Release|Any CPU.ActiveCfg = Release|Any CPU
		{2DEE3921-BB1A-4187-9CEC-A9FC00F4E413}.Release|Any CPU.Build.0 = Release|Any CPU
		{E62B44F2-3882-4884-A06F-DD8F920EEB31}.Debug|Any CPU.ActiveCfg = Debug|Any CPU
		{E62B44F2-3882-4884-A06F-DD8F920EEB31}.Debug|Any CPU.Build.0 = Debug|Any CPU
		{E62B44F2-3882-4884-A06F-DD8F920EEB31}.Release|Any CPU.ActiveCfg = Release|Any CPU
		{E62B44F2-3882-4884-A06F-DD8F920EEB31}.Release|Any CPU.Build.0 = Release|Any CPU
	EndGlobalSection
	GlobalSection(SolutionProperties) = preSolution
		HideSolutionNode = FALSE
	EndGlobalSection
	GlobalSection(NestedProjects) = preSolution
		{DE1ABC31-50F0-4212-84AB-CD529DD77A4D} = {FF0D8C7B-D4F2-47CE-ACDF-7829548EFB8A}
		{15A73D52-F49E-48B9-A71F-0CB65098F5F2} = {68A45159-D379-4A6C-A3B0-02F11412879C}
		{3EF9EBB7-EF71-4448-BAB6-A67BCF1F9A2B} = {568D26E5-B775-4788-AF5C-947B0E41F536}
		{9E025C5A-BEF1-4EA5-A411-1A900F87C2C4} = {568D26E5-B775-4788-AF5C-947B0E41F536}
		{6FCDCD75-2B10-449E-8EF8-13BA75CA8CE9} = {68A45159-D379-4A6C-A3B0-02F11412879C}
		{2DEE3921-BB1A-4187-9CEC-A9FC00F4E413} = {FF0D8C7B-D4F2-47CE-ACDF-7829548EFB8A}
		{E62B44F2-3882-4884-A06F-DD8F920EEB31} = {DCA3EFD7-2A2D-4F79-81D9-0528E3C98385}
	EndGlobalSection
	GlobalSection(ExtensibilityGlobals) = postSolution
		SolutionGuid = {695FE02F-837C-47D1-A3BA-515BC66120C8}
	EndGlobalSection
EndGlobal
